
Microsoft Visual Studio Solution File, Format Version 12.00
# Visual Studio 15
VisualStudioVersion = 15.0.27428.2002
MinimumVisualStudioVersion = 10.0.40219.1
Project("{FAE04EC0-301F-11D3-BF4B-00C04F79EFBC}") = "SocketsConsoleV1", "SocketsConsoleV1\SocketsConsoleV1.csproj", "{7C43C4AF-B8C6-4524-8FB0-47D53DE296EF}"
EndProject
Global
	GlobalSection(SolutionConfigurationPlatforms) = preSolution
		Debug|Any CPU = Debug|Any CPU
		Release|Any CPU = Release|Any CPU
	EndGlobalSection
	GlobalSection(ProjectConfigurationPlatforms) = postSolution
		{7C43C4AF-B8C6-4524-8FB0-47D53DE296EF}.Debug|Any CPU.ActiveCfg = Debug|Any CPU
		{7C43C4AF-B8C6-4524-8FB0-47D53DE296EF}.Debug|Any CPU.Build.0 = Debug|Any CPU
		{7C43C4AF-B8C6-4524-8FB0-47D53DE296EF}.Release|Any CPU.ActiveCfg = Release|Any CPU
		{7C43C4AF-B8C6-4524-8FB0-47D53DE296EF}.Release|Any CPU.Build.0 = Release|Any CPU
	EndGlobalSection
	GlobalSection(SolutionProperties) = preSolution
		HideSolutionNode = FALSE
	EndGlobalSection
	GlobalSection(ExtensibilityGlobals) = postSolution
		SolutionGuid = {4ABC2DC9-6931-47B4-845A-71707518C6B4}
	EndGlobalSection
EndGlobal
